
Microsoft Visual Studio Solution File, Format Version 12.00
# Visual Studio 14
VisualStudioVersion = 14.0.23107.0
MinimumVisualStudioVersion = 10.0.40219.1
Project("{E24C65DC-7377-472B-9ABA-BC803B73C61A}") = "Assignment1", "Assignment1\", "{F1A23BC3-DEA3-4D83-BFA7-7376E1746BEE}"
	ProjectSection(WebsiteProperties) = preProject
		TargetFrameworkMoniker = ".NETFramework,Version%3Dv4.5.2"
		Debug.AspNetCompiler.VirtualPath = "/localhost_9638"
		Debug.AspNetCompiler.PhysicalPath = "Assignment1\"
		Debug.AspNetCompiler.TargetPath = "PrecompiledWeb\localhost_9638\"
		Debug.AspNetCompiler.Updateable = "true"
		Debug.AspNetCompiler.ForceOverwrite = "true"
		Debug.AspNetCompiler.FixedNames = "false"
		Debug.AspNetCompiler.Debug = "True"
		Release.AspNetCompiler.VirtualPath = "/localhost_9638"
		Release.AspNetCompiler.PhysicalPath = "Assignment1\"
		Release.AspNetCompiler.TargetPath = "PrecompiledWeb\localhost_9638\"
		Release.AspNetCompiler.Updateable = "true"
		Release.AspNetCompiler.ForceOverwrite = "true"
		Release.AspNetCompiler.FixedNames = "false"
		Release.AspNetCompiler.Debug = "False"
		VWDPort = "9638"
		SlnRelativePath = "Assignment1\"
		DefaultWebSiteLanguage = "Visual C#"
	EndProjectSection
EndProject
Project("{E24C65DC-7377-472B-9ABA-BC803B73C61A}") = "Assignment2", "Assignment2\", "{7976963C-443F-4263-B5CC-11BD907E0622}"
	ProjectSection(WebsiteProperties) = preProject
		TargetFrameworkMoniker = ".NETFramework,Version%3Dv4.5.2"
		Debug.AspNetCompiler.VirtualPath = "/localhost_22610"
		Debug.AspNetCompiler.PhysicalPath = "Assignment2\"
		Debug.AspNetCompiler.TargetPath = "PrecompiledWeb\localhost_22610\"
		Debug.AspNetCompiler.Updateable = "true"
		Debug.AspNetCompiler.ForceOverwrite = "true"
		Debug.AspNetCompiler.FixedNames = "false"
		Debug.AspNetCompiler.Debug = "True"
		Release.AspNetCompiler.VirtualPath = "/localhost_22610"
		Release.AspNetCompiler.PhysicalPath = "Assignment2\"
		Release.AspNetCompiler.TargetPath = "PrecompiledWeb\localhost_22610\"
		Release.AspNetCompiler.Updateable = "true"
		Release.AspNetCompiler.ForceOverwrite = "true"
		Release.AspNetCompiler.FixedNames = "false"
		Release.AspNetCompiler.Debug = "False"
		VWDPort = "22610"
		SlnRelativePath = "Assignment2\"
		DefaultWebSiteLanguage = "Visual C#"
	EndProjectSection
EndProject
Project("{E24C65DC-7377-472B-9ABA-BC803B73C61A}") = "Assignment4", "Assignment4\", "{A34FF12F-9D93-435B-9BDB-B07D65D663CF}"
	ProjectSection(WebsiteProperties) = preProject
		TargetFrameworkMoniker = ".NETFramework,Version%3Dv4.5.2"
		Debug.AspNetCompiler.VirtualPath = "/localhost_5227"
		Debug.AspNetCompiler.PhysicalPath = "Assignment4\"
		Debug.AspNetCompiler.TargetPath = "PrecompiledWeb\localhost_5227\"
		Debug.AspNetCompiler.Updateable = "true"
		Debug.AspNetCompiler.ForceOverwrite = "true"
		Debug.AspNetCompiler.FixedNames = "false"
		Debug.AspNetCompiler.Debug = "True"
		Release.AspNetCompiler.VirtualPath = "/localhost_5227"
		Release.AspNetCompiler.PhysicalPath = "Assignment4\"
		Release.AspNetCompiler.TargetPath = "PrecompiledWeb\localhost_5227\"
		Release.AspNetCompiler.Updateable = "true"
		Release.AspNetCompiler.ForceOverwrite = "true"
		Release.AspNetCompiler.FixedNames = "false"
		Release.AspNetCompiler.Debug = "False"
		VWDPort = "5227"
		SlnRelativePath = "Assignment4\"
		DefaultWebSiteLanguage = "Visual Basic"
	EndProjectSection
EndProject
Project("{E24C65DC-7377-472B-9ABA-BC803B73C61A}") = "Assignment5", "Assignment5\", "{5DDD9037-4DC5-41B5-B1DC-6DA1ECEEB76C}"
	ProjectSection(WebsiteProperties) = preProject
		TargetFrameworkMoniker = ".NETFramework,Version%3Dv4.5.2"
		Debug.AspNetCompiler.VirtualPath = "/localhost_25828"
		Debug.AspNetCompiler.PhysicalPath = "Assignment5\"
		Debug.AspNetCompiler.TargetPath = "PrecompiledWeb\localhost_25828\"
		Debug.AspNetCompiler.Updateable = "true"
		Debug.AspNetCompiler.ForceOverwrite = "true"
		Debug.AspNetCompiler.FixedNames = "false"
		Debug.AspNetCompiler.Debug = "True"
		Release.AspNetCompiler.VirtualPath = "/localhost_25828"
		Release.AspNetCompiler.PhysicalPath = "Assignment5\"
		Release.AspNetCompiler.TargetPath = "PrecompiledWeb\localhost_25828\"
		Release.AspNetCompiler.Updateable = "true"
		Release.AspNetCompiler.ForceOverwrite = "true"
		Release.AspNetCompiler.FixedNames = "false"
		Release.AspNetCompiler.Debug = "False"
		VWDPort = "25828"
		SlnRelativePath = "Assignment5\"
		DefaultWebSiteLanguage = "Visual Basic"
	EndProjectSection
EndProject
Global
	GlobalSection(SolutionConfigurationPlatforms) = preSolution
		Debug|Any CPU = Debug|Any CPU
		Release|Any CPU = Release|Any CPU
	EndGlobalSection
	GlobalSection(ProjectConfigurationPlatforms) = postSolution
		{F1A23BC3-DEA3-4D83-BFA7-7376E1746BEE}.Debug|Any CPU.ActiveCfg = Debug|Any CPU
		{F1A23BC3-DEA3-4D83-BFA7-7376E1746BEE}.Debug|Any CPU.Build.0 = Debug|Any CPU
		{F1A23BC3-DEA3-4D83-BFA7-7376E1746BEE}.Release|Any CPU.ActiveCfg = Debug|Any CPU
		{F1A23BC3-DEA3-4D83-BFA7-7376E1746BEE}.Release|Any CPU.Build.0 = Debug|Any CPU
		{7976963C-443F-4263-B5CC-11BD907E0622}.Debug|Any CPU.ActiveCfg = Debug|Any CPU
		{7976963C-443F-4263-B5CC-11BD907E0622}.Debug|Any CPU.Build.0 = Debug|Any CPU
		{7976963C-443F-4263-B5CC-11BD907E0622}.Release|Any CPU.ActiveCfg = Debug|Any CPU
		{7976963C-443F-4263-B5CC-11BD907E0622}.Release|Any CPU.Build.0 = Debug|Any CPU
		{A34FF12F-9D93-435B-9BDB-B07D65D663CF}.Debug|Any CPU.ActiveCfg = Debug|Any CPU
		{A34FF12F-9D93-435B-9BDB-B07D65D663CF}.Debug|Any CPU.Build.0 = Debug|Any CPU
		{A34FF12F-9D93-435B-9BDB-B07D65D663CF}.Release|Any CPU.ActiveCfg = Debug|Any CPU
		{A34FF12F-9D93-435B-9BDB-B07D65D663CF}.Release|Any CPU.Build.0 = Debug|Any CPU
		{5DDD9037-4DC5-41B5-B1DC-6DA1ECEEB76C}.Debug|Any CPU.ActiveCfg = Debug|Any CPU
		{5DDD9037-4DC5-41B5-B1DC-6DA1ECEEB76C}.Debug|Any CPU.Build.0 = Debug|Any CPU
		{5DDD9037-4DC5-41B5-B1DC-6DA1ECEEB76C}.Release|Any CPU.ActiveCfg = Debug|Any CPU
		{5DDD9037-4DC5-41B5-B1DC-6DA1ECEEB76C}.Release|Any CPU.Build.0 = Debug|Any CPU
	EndGlobalSection
	GlobalSection(SolutionProperties) = preSolution
		HideSolutionNode = FALSE
	EndGlobalSection
EndGlobal
